
Microsoft Visual Studio Solution File, Format Version 12.00
# Visual Studio 15
VisualStudioVersion = 15.0.27130.2026
MinimumVisualStudioVersion = 10.0.40219.1
Project("{FAE04EC0-301F-11D3-BF4B-00C04F79EFBC}") = "WebAPI", "LearningAspNetCore\WebAPI.csproj", "{75FF9FDE-8B59-4F81-8371-C6C2E1608E51}"
EndProject
Project("{FAE04EC0-301F-11D3-BF4B-00C04F79EFBC}") = "MVC", "MVC\MVC.csproj", "{44AF4DA8-CCA4-4E68-9154-DA0163AD47C7}"
EndProject
Global
	GlobalSection(SolutionConfigurationPlatforms) = preSolution
		Debug|Any CPU = Debug|Any CPU
		Release|Any CPU = Release|Any CPU
	EndGlobalSection
	GlobalSection(ProjectConfigurationPlatforms) = postSolution
		{75FF9FDE-8B59-4F81-8371-C6C2E1608E51}.Debug|Any CPU.ActiveCfg = Debug|Any CPU
		{75FF9FDE-8B59-4F81-8371-C6C2E1608E51}.Debug|Any CPU.Build.0 = Debug|Any CPU
		{75FF9FDE-8B59-4F81-8371-C6C2E1608E51}.Release|Any CPU.ActiveCfg = Release|Any CPU
		{75FF9FDE-8B59-4F81-8371-C6C2E1608E51}.Release|Any CPU.Build.0 = Release|Any CPU
		{44AF4DA8-CCA4-4E68-9154-DA0163AD47C7}.Debug|Any CPU.ActiveCfg = Debug|Any CPU
		{44AF4DA8-CCA4-4E68-9154-DA0163AD47C7}.Debug|Any CPU.Build.0 = Debug|Any CPU
		{44AF4DA8-CCA4-4E68-9154-DA0163AD47C7}.Release|Any CPU.ActiveCfg = Release|Any CPU
		{44AF4DA8-CCA4-4E68-9154-DA0163AD47C7}.Release|Any CPU.Build.0 = Release|Any CPU
	EndGlobalSection
	GlobalSection(SolutionProperties) = preSolution
		HideSolutionNode = FALSE
	EndGlobalSection
	GlobalSection(ExtensibilityGlobals) = postSolution
		SolutionGuid = {450A58A4-17C7-4116-A43E-3E5F336E5487}
	EndGlobalSection
EndGlobal
